
Microsoft Visual Studio Solution File, Format Version 12.00
# Visual Studio Version 17
VisualStudioVersion = 17.0.32112.339
MinimumVisualStudioVersion = 10.0.40219.1
Project("{9A19103F-16F7-4668-BE54-9A1E7A4F7556}") = "MicrofluidSimulator", "MicrofluidSimulator\MicrofluidSimulator.csproj", "{9D517FF9-1195-43FF-AE24-6DED184126E5}"
EndProject
Project("{9A19103F-16F7-4668-BE54-9A1E7A4F7556}") = "TestProject", "TestProject\TestProject.csproj", "{8B056713-5EBE-4493-AE94-4323D4C5160D}"
EndProject
Global
	GlobalSection(SolutionConfigurationPlatforms) = preSolution
		Debug|Any CPU = Debug|Any CPU
		Release|Any CPU = Release|Any CPU
	EndGlobalSection
	GlobalSection(ProjectConfigurationPlatforms) = postSolution
		{9D517FF9-1195-43FF-AE24-6DED184126E5}.Debug|Any CPU.ActiveCfg = Debug|Any CPU
		{9D517FF9-1195-43FF-AE24-6DED184126E5}.Debug|Any CPU.Build.0 = Debug|Any CPU
		{9D517FF9-1195-43FF-AE24-6DED184126E5}.Release|Any CPU.ActiveCfg = Release|Any CPU
		{9D517FF9-1195-43FF-AE24-6DED184126E5}.Release|Any CPU.Build.0 = Release|Any CPU
		{8B056713-5EBE-4493-AE94-4323D4C5160D}.Debug|Any CPU.ActiveCfg = Debug|Any CPU
		{8B056713-5EBE-4493-AE94-4323D4C5160D}.Debug|Any CPU.Build.0 = Debug|Any CPU
		{8B056713-5EBE-4493-AE94-4323D4C5160D}.Release|Any CPU.ActiveCfg = Release|Any CPU
		{8B056713-5EBE-4493-AE94-4323D4C5160D}.Release|Any CPU.Build.0 = Release|Any CPU
	EndGlobalSection
	GlobalSection(SolutionProperties) = preSolution
		HideSolutionNode = FALSE
	EndGlobalSection
	GlobalSection(ExtensibilityGlobals) = postSolution
		SolutionGuid = {1B0E0AFF-C2E3-4306-BA42-FB3FE15EC79E}
	EndGlobalSection
EndGlobal
